
Microsoft Visual Studio Solution File, Format Version 12.00
# Visual Studio Version 16
VisualStudioVersion = 16.0.29911.98
MinimumVisualStudioVersion = 10.0.40219.1
Project("{FAE04EC0-301F-11D3-BF4B-00C04F79EFBC}") = "SoloContacts", "SoloContacts.csproj", "{8EBD6D34-0185-4F9E-982E-8B488DA0BE92}"
EndProject
Global
	GlobalSection(SolutionConfigurationPlatforms) = preSolution
		Debug|Any CPU = Debug|Any CPU
		Release|Any CPU = Release|Any CPU
	EndGlobalSection
	GlobalSection(ProjectConfigurationPlatforms) = postSolution
		{8EBD6D34-0185-4F9E-982E-8B488DA0BE92}.Debug|Any CPU.ActiveCfg = Debug|Any CPU
		{8EBD6D34-0185-4F9E-982E-8B488DA0BE92}.Debug|Any CPU.Build.0 = Debug|Any CPU
		{8EBD6D34-0185-4F9E-982E-8B488DA0BE92}.Release|Any CPU.ActiveCfg = Release|Any CPU
		{8EBD6D34-0185-4F9E-982E-8B488DA0BE92}.Release|Any CPU.Build.0 = Release|Any CPU
	EndGlobalSection
	GlobalSection(SolutionProperties) = preSolution
		HideSolutionNode = FALSE
	EndGlobalSection
	GlobalSection(ExtensibilityGlobals) = postSolution
		SolutionGuid = {52CD7A99-4A4B-44BE-B288-AEABD328EA69}
	EndGlobalSection
EndGlobal
